
Microsoft Visual Studio Solution File, Format Version 12.00
# Visual Studio 15
VisualStudioVersion = 15.0.27703.2035
MinimumVisualStudioVersion = 10.0.40219.1
Project("{9A19103F-16F7-4668-BE54-9A1E7A4F7556}") = "checkout", "checkout\checkout.csproj", "{DDAD3E4E-788A-4F74-A3AA-CA60DA8C2C43}"
EndProject
Project("{FAE04EC0-301F-11D3-BF4B-00C04F79EFBC}") = "checkoutClient", "checkoutClient\checkoutClient.csproj", "{4A2378EC-E4C0-4CAC-85D8-5F1E0F72C122}"
EndProject
Global
	GlobalSection(SolutionConfigurationPlatforms) = preSolution
		Debug|Any CPU = Debug|Any CPU
		Release|Any CPU = Release|Any CPU
	EndGlobalSection
	GlobalSection(ProjectConfigurationPlatforms) = postSolution
		{DDAD3E4E-788A-4F74-A3AA-CA60DA8C2C43}.Debug|Any CPU.ActiveCfg = Debug|Any CPU
		{DDAD3E4E-788A-4F74-A3AA-CA60DA8C2C43}.Debug|Any CPU.Build.0 = Debug|Any CPU
		{DDAD3E4E-788A-4F74-A3AA-CA60DA8C2C43}.Release|Any CPU.ActiveCfg = Release|Any CPU
		{DDAD3E4E-788A-4F74-A3AA-CA60DA8C2C43}.Release|Any CPU.Build.0 = Release|Any CPU
		{4A2378EC-E4C0-4CAC-85D8-5F1E0F72C122}.Debug|Any CPU.ActiveCfg = Debug|Any CPU
		{4A2378EC-E4C0-4CAC-85D8-5F1E0F72C122}.Debug|Any CPU.Build.0 = Debug|Any CPU
		{4A2378EC-E4C0-4CAC-85D8-5F1E0F72C122}.Release|Any CPU.ActiveCfg = Release|Any CPU
		{4A2378EC-E4C0-4CAC-85D8-5F1E0F72C122}.Release|Any CPU.Build.0 = Release|Any CPU
	EndGlobalSection
	GlobalSection(SolutionProperties) = preSolution
		HideSolutionNode = FALSE
	EndGlobalSection
	GlobalSection(ExtensibilityGlobals) = postSolution
		SolutionGuid = {777E2730-0636-4C88-9A77-CEFD643954E2}
	EndGlobalSection
EndGlobal
